{
  "name": "@the-stations-project/base",
  "version": "0.1.0-beta4",
  "lockfileVersion": 3,
  "requires": true,
  "packages": {
    "": {
      "name": "@the-stations-project/base",
      "version": "0.1.0-beta4",
      "license": "MIT",
      "dependencies": {
        "@the-stations-project/sdk": "^0.2.0-beta"
      },
      "bin": {
        "boot": "index.js",
        "init": "init.js"
      }
    },
    "node_modules/@the-stations-project/sdk": {
      "version": "0.2.0-beta",
      "resolved": "https://registry.npmjs.org/@the-stations-project/sdk/-/sdk-0.2.0-beta.tgz",
      "integrity": "sha512-o0wI8YSD9l/t4p4ULD+4ug1QiAvGpWS9Zq36maBroIzhtWmKj7j7c59emqXNkb/TkQ1HczUiwnJU9dNl2nuidQ==",
      "dependencies": {
        "@types/node": "^18.11.19"
      }
    },
    "node_modules/@types/node": {
      "version": "18.11.19",
      "resolved": "https://registry.npmjs.org/@types/node/-/node-18.11.19.tgz",
      "integrity": "sha512-YUgMWAQBWLObABqrvx8qKO1enAvBUdjZOAWQ5grBAkp5LQv45jBvYKZ3oFS9iKRCQyFjqw6iuEa1vmFqtxYLZw=="
    }
  }
}
