{
  "name": "station-base",
  "version": "0.0.1-alpha",
  "lockfileVersion": 3,
  "requires": true,
  "packages": {
    "": {
      "name": "station-base",
      "version": "0.0.1-alpha",
      "license": "MIT",
      "dependencies": {
        "@the-stations-project/sdk": "^0.0.5-beta"
      },
      "bin": {
        "boot": "index.js"
      }
    },
    "node_modules/@the-stations-project/sdk": {
      "version": "0.0.5-beta",
      "resolved": "https://registry.npmjs.org/@the-stations-project/sdk/-/sdk-0.0.5-beta.tgz",
      "integrity": "sha512-yXzfEz6aoNPX79d6Vf1soNU2a8I4u1cha7iCAg2ZqIC5Cvw5dO4EvvhHrTq5UEsGRtKd5sh68ENMtQCATxUzfw==",
      "dependencies": {
        "@types/node": "^18.11.19"
      }
    },
    "node_modules/@types/node": {
      "version": "18.11.19",
      "resolved": "https://registry.npmjs.org/@types/node/-/node-18.11.19.tgz",
      "integrity": "sha512-YUgMWAQBWLObABqrvx8qKO1enAvBUdjZOAWQ5grBAkp5LQv45jBvYKZ3oFS9iKRCQyFjqw6iuEa1vmFqtxYLZw=="
    }
  }
}
